[[package]]
name = "atomicwrites"
version = "1.4.0"
description = "Atomic file writes."
category = "dev"
optional = false
python-versions = ">=2.7, !=3.0.*, !=3.1.*, !=3.2.*, !=3.3.*"

[[package]]
name = "attrs"
version = "21.2.0"
description = "Classes Without Boilerplate"
category = "dev"
optional = false
python-versions = ">=2.7, !=3.0.*, !=3.1.*, !=3.2.*, !=3.3.*, !=3.4.*"

[package.extras]
dev = ["coverage[toml] (>=5.0.2)", "hypothesis", "pympler", "pytest (>=4.3.0)", "six", "mypy", "pytest-mypy-plugins", "zope.interface", "furo", "sphinx", "sphinx-notfound-page", "pre-commit"]
docs = ["furo", "sphinx", "zope.interface", "sphinx-notfound-page"]
tests = ["coverage[toml] (>=5.0.2)", "hypothesis", "pympler", "pytest (>=4.3.0)", "six", "mypy", "pytest-mypy-plugins", "zope.interface"]
tests_no_zope = ["coverage[toml] (>=5.0.2)", "hypothesis", "pympler", "pytest (>=4.3.0)", "six", "mypy", "pytest-mypy-plugins"]

[[package]]
name = "certifi"
version = "2021.5.30"
description = "Python package for providing Mozilla's CA Bundle."
category = "main"
optional = false
python-versions = "*"

[[package]]
name = "charset-normalizer"
version = "2.0.3"
description = "The Real First Universal Charset Detector. Open, modern and actively maintained alternative to Chardet."
category = "main"
optional = false
python-versions = ">=3.5.0"

[package.extras]
unicode_backport = ["unicodedata2"]

[[package]]
name = "colorama"
version = "0.4.4"
description = "Cross-platform colored terminal text."
category = "main"
optional = false
python-versions = ">=2.7, !=3.0.*, !=3.1.*, !=3.2.*, !=3.3.*, !=3.4.*"

[[package]]
name = "commonmark"
version = "0.9.1"
description = "Python parser for the CommonMark Markdown spec"
category = "main"
optional = false
python-versions = "*"

[package.extras]
test = ["flake8 (==3.7.8)", "hypothesis (==3.55.3)"]

[[package]]
name = "flake8"
version = "3.9.2"
description = "the modular source code checker: pep8 pyflakes and co"
category = "dev"
optional = false
python-versions = "!=3.0.*,!=3.1.*,!=3.2.*,!=3.3.*,!=3.4.*,>=2.7"

[package.dependencies]
mccabe = ">=0.6.0,<0.7.0"
pycodestyle = ">=2.7.0,<2.8.0"
pyflakes = ">=2.3.0,<2.4.0"

[[package]]
name = "flake8-import-order"
version = "0.18.1"
description = "Flake8 and pylama plugin that checks the ordering of import statements."
category = "dev"
optional = false
python-versions = "*"

[package.dependencies]
pycodestyle = "*"

[[package]]
name = "idna"
version = "3.2"
description = "Internationalized Domain Names in Applications (IDNA)"
category = "main"
optional = false
python-versions = ">=3.5"

[[package]]
name = "iniconfig"
version = "1.1.1"
description = "iniconfig: brain-dead simple config-ini parsing"
category = "dev"
optional = false
python-versions = "*"

[[package]]
name = "mccabe"
version = "0.6.1"
description = "McCabe checker, plugin for flake8"
category = "dev"
optional = false
python-versions = "*"

[[package]]
name = "packaging"
version = "21.0"
description = "Core utilities for Python packages"
category = "dev"
optional = false
python-versions = ">=3.6"

[package.dependencies]
pyparsing = ">=2.0.2"

[[package]]
name = "pluggy"
version = "0.13.1"
description = "plugin and hook calling mechanisms for python"
category = "dev"
optional = false
python-versions = ">=2.7, !=3.0.*, !=3.1.*, !=3.2.*, !=3.3.*"

[package.extras]
dev = ["pre-commit", "tox"]

[[package]]
name = "prompt-toolkit"
version = "3.0.19"
description = "Library for building powerful interactive command lines in Python"
category = "main"
optional = false
python-versions = ">=3.6.1"

[package.dependencies]
wcwidth = "*"

[[package]]
name = "py"
version = "1.10.0"
description = "library with cross-python path, ini-parsing, io, code, log facilities"
category = "dev"
optional = false
python-versions = ">=2.7, !=3.0.*, !=3.1.*, !=3.2.*, !=3.3.*"

[[package]]
name = "pycodestyle"
version = "2.7.0"
description = "Python style guide checker"
category = "dev"
optional = false
python-versions = ">=2.7, !=3.0.*, !=3.1.*, !=3.2.*, !=3.3.*"

[[package]]
name = "pyflakes"
version = "2.3.1"
description = "passive checker of Python programs"
category = "dev"
optional = false
python-versions = ">=2.7, !=3.0.*, !=3.1.*, !=3.2.*, !=3.3.*"

[[package]]
name = "pygments"
version = "2.9.0"
description = "Pygments is a syntax highlighting package written in Python."
category = "main"
optional = false
python-versions = ">=3.5"

[[package]]
name = "pyparsing"
version = "2.4.7"
description = "Python parsing module"
category = "dev"
optional = false
python-versions = ">=2.6, !=3.0.*, !=3.1.*, !=3.2.*"

[[package]]
name = "pytest"
version = "6.2.4"
description = "pytest: simple powerful testing with Python"
category = "dev"
optional = false
python-versions = ">=3.6"

[package.dependencies]
atomicwrites = {version = ">=1.0", markers = "sys_platform == \"win32\""}
attrs = ">=19.2.0"
colorama = {version = "*", markers = "sys_platform == \"win32\""}
iniconfig = "*"
packaging = "*"
pluggy = ">=0.12,<1.0.0a1"
py = ">=1.8.2"
toml = "*"

[package.extras]
testing = ["argcomplete", "hypothesis (>=3.56)", "mock", "nose", "requests", "xmlschema"]

[[package]]
name = "python-dotenv"
version = "0.18.0"
description = "Read key-value pairs from a .env file and set them as environment variables"
category = "main"
optional = false
python-versions = "*"

[package.extras]
cli = ["click (>=5.0)"]

[[package]]
name = "requests"
version = "2.26.0"
description = "Python HTTP for Humans."
category = "main"
optional = false
python-versions = ">=2.7, !=3.0.*, !=3.1.*, !=3.2.*, !=3.3.*, !=3.4.*, !=3.5.*"

[package.dependencies]
certifi = ">=2017.4.17"
charset-normalizer = {version = ">=2.0.0,<2.1.0", markers = "python_version >= \"3\""}
idna = {version = ">=2.5,<4", markers = "python_version >= \"3\""}
urllib3 = ">=1.21.1,<1.27"

[package.extras]
socks = ["PySocks (>=1.5.6,!=1.5.7)", "win-inet-pton"]
use_chardet_on_py3 = ["chardet (>=3.0.2,<5)"]

[[package]]
name = "rich"
version = "10.6.0"
description = "Render rich text, tables, progress bars, syntax highlighting, markdown and more to the terminal"
category = "main"
optional = false
python-versions = ">=3.6,<4.0"

[package.dependencies]
colorama = ">=0.4.0,<0.5.0"
commonmark = ">=0.9.0,<0.10.0"
pygments = ">=2.6.0,<3.0.0"

[package.extras]
jupyter = ["ipywidgets (>=7.5.1,<8.0.0)"]

[[package]]
name = "simplejson"
version = "3.17.3"
description = "Simple, fast, extensible JSON encoder/decoder for Python"
category = "main"
optional = false
python-versions = ">=2.5, !=3.0.*, !=3.1.*, !=3.2.*"

[[package]]
name = "toml"
version = "0.10.2"
description = "Python Library for Tom's Obvious, Minimal Language"
category = "dev"
optional = false
python-versions = ">=2.6, !=3.0.*, !=3.1.*, !=3.2.*"

[[package]]
name = "urllib3"
version = "1.26.6"
description = "HTTP library with thread-safe connection pooling, file post, and more."
category = "main"
optional = false
python-versions = ">=2.7, !=3.0.*, !=3.1.*, !=3.2.*, !=3.3.*, !=3.4.*, <4"

[package.extras]
brotli = ["brotlipy (>=0.6.0)"]
secure = ["pyOpenSSL (>=0.14)", "cryptography (>=1.3.4)", "idna (>=2.0.0)", "certifi", "ipaddress"]
socks = ["PySocks (>=1.5.6,!=1.5.7,<2.0)"]

[[package]]
name = "wcwidth"
version = "0.2.5"
description = "Measures the displayed width of unicode strings in a terminal"
category = "main"
optional = false
python-versions = "*"

[[package]]
name = "wit"
version = "6.0.0"
description = "Wit SDK for Python"
category = "main"
optional = false
python-versions = "*"

[package.dependencies]
prompt_toolkit = "*"
requests = ">=0.8.8"
simplejson = "*"

[metadata]
lock-version = "1.1"
python-versions = "^3.9"
content-hash = "1b66a4a630533290b8966bbb4af1a342c6bf69fd306e358b116f47550fdb049e"

[metadata.files]
atomicwrites = [
    {file = "atomicwrites-1.4.0-py2.py3-none-any.whl", hash = "sha256:6d1784dea7c0c8d4a5172b6c620f40b6e4cbfdf96d783691f2e1302a7b88e197"},
    {file = "atomicwrites-1.4.0.tar.gz", hash = "sha256:ae70396ad1a434f9c7046fd2dd196fc04b12f9e91ffb859164193be8b6168a7a"},
]
attrs = [
    {file = "attrs-21.2.0-py2.py3-none-any.whl", hash = "sha256:149e90d6d8ac20db7a955ad60cf0e6881a3f20d37096140088356da6c716b0b1"},
    {file = "attrs-21.2.0.tar.gz", hash = "sha256:ef6aaac3ca6cd92904cdd0d83f629a15f18053ec84e6432106f7a4d04ae4f5fb"},
]
certifi = [
    {file = "certifi-2021.5.30-py2.py3-none-any.whl", hash = "sha256:50b1e4f8446b06f41be7dd6338db18e0990601dce795c2b1686458aa7e8fa7d8"},
    {file = "certifi-2021.5.30.tar.gz", hash = "sha256:2bbf76fd432960138b3ef6dda3dde0544f27cbf8546c458e60baf371917ba9ee"},
]
charset-normalizer = [
    {file = "charset-normalizer-2.0.3.tar.gz", hash = "sha256:c46c3ace2d744cfbdebceaa3c19ae691f53ae621b39fd7570f59d14fb7f2fd12"},
    {file = "charset_normalizer-2.0.3-py3-none-any.whl", hash = "sha256:88fce3fa5b1a84fdcb3f603d889f723d1dd89b26059d0123ca435570e848d5e1"},
]
colorama = [
    {file = "colorama-0.4.4-py2.py3-none-any.whl", hash = "sha256:9f47eda37229f68eee03b24b9748937c7dc3868f906e8ba69fbcbdd3bc5dc3e2"},
    {file = "colorama-0.4.4.tar.gz", hash = "sha256:5941b2b48a20143d2267e95b1c2a7603ce057ee39fd88e7329b0c292aa16869b"},
]
commonmark = [
    {file = "commonmark-0.9.1-py2.py3-none-any.whl", hash = "sha256:da2f38c92590f83de410ba1a3cbceafbc74fee9def35f9251ba9a971d6d66fd9"},
    {file = "commonmark-0.9.1.tar.gz", hash = "sha256:452f9dc859be7f06631ddcb328b6919c67984aca654e5fefb3914d54691aed60"},
]
flake8 = [
    {file = "flake8-3.9.2-py2.py3-none-any.whl", hash = "sha256:bf8fd333346d844f616e8d47905ef3a3384edae6b4e9beb0c5101e25e3110907"},
    {file = "flake8-3.9.2.tar.gz", hash = "sha256:07528381786f2a6237b061f6e96610a4167b226cb926e2aa2b6b1d78057c576b"},
]
flake8-import-order = [
    {file = "flake8-import-order-0.18.1.tar.gz", hash = "sha256:a28dc39545ea4606c1ac3c24e9d05c849c6e5444a50fb7e9cdd430fc94de6e92"},
    {file = "flake8_import_order-0.18.1-py2.py3-none-any.whl", hash = "sha256:90a80e46886259b9c396b578d75c749801a41ee969a235e163cfe1be7afd2543"},
]
idna = [
    {file = "idna-3.2-py3-none-any.whl", hash = "sha256:14475042e284991034cb48e06f6851428fb14c4dc953acd9be9a5e95c7b6dd7a"},
    {file = "idna-3.2.tar.gz", hash = "sha256:467fbad99067910785144ce333826c71fb0e63a425657295239737f7ecd125f3"},
]
iniconfig = [
    {file = "iniconfig-1.1.1-py2.py3-none-any.whl", hash = "sha256:011e24c64b7f47f6ebd835bb12a743f2fbe9a26d4cecaa7f53bc4f35ee9da8b3"},
    {file = "iniconfig-1.1.1.tar.gz", hash = "sha256:bc3af051d7d14b2ee5ef9969666def0cd1a000e121eaea580d4a313df4b37f32"},
]
mccabe = [
    {file = "mccabe-0.6.1-py2.py3-none-any.whl", hash = "sha256:ab8a6258860da4b6677da4bd2fe5dc2c659cff31b3ee4f7f5d64e79735b80d42"},
    {file = "mccabe-0.6.1.tar.gz", hash = "sha256:dd8d182285a0fe56bace7f45b5e7d1a6ebcbf524e8f3bd87eb0f125271b8831f"},
]
packaging = [
    {file = "packaging-21.0-py3-none-any.whl", hash = "sha256:c86254f9220d55e31cc94d69bade760f0847da8000def4dfe1c6b872fd14ff14"},
    {file = "packaging-21.0.tar.gz", hash = "sha256:7dc96269f53a4ccec5c0670940a4281106dd0bb343f47b7471f779df49c2fbe7"},
]
pluggy = [
    {file = "pluggy-0.13.1-py2.py3-none-any.whl", hash = "sha256:966c145cd83c96502c3c3868f50408687b38434af77734af1e9ca461a4081d2d"},
    {file = "pluggy-0.13.1.tar.gz", hash = "sha256:15b2acde666561e1298d71b523007ed7364de07029219b604cf808bfa1c765b0"},
]
prompt-toolkit = [
    {file = "prompt_toolkit-3.0.19-py3-none-any.whl", hash = "sha256:7089d8d2938043508aa9420ec18ce0922885304cddae87fb96eebca942299f88"},
    {file = "prompt_toolkit-3.0.19.tar.gz", hash = "sha256:08360ee3a3148bdb5163621709ee322ec34fc4375099afa4bbf751e9b7b7fa4f"},
]
py = [
    {file = "py-1.10.0-py2.py3-none-any.whl", hash = "sha256:3b80836aa6d1feeaa108e046da6423ab8f6ceda6468545ae8d02d9d58d18818a"},
    {file = "py-1.10.0.tar.gz", hash = "sha256:21b81bda15b66ef5e1a777a21c4dcd9c20ad3efd0b3f817e7a809035269e1bd3"},
]
pycodestyle = [
    {file = "pycodestyle-2.7.0-py2.py3-none-any.whl", hash = "sha256:514f76d918fcc0b55c6680472f0a37970994e07bbb80725808c17089be302068"},
    {file = "pycodestyle-2.7.0.tar.gz", hash = "sha256:c389c1d06bf7904078ca03399a4816f974a1d590090fecea0c63ec26ebaf1cef"},
]
pyflakes = [
    {file = "pyflakes-2.3.1-py2.py3-none-any.whl", hash = "sha256:7893783d01b8a89811dd72d7dfd4d84ff098e5eed95cfa8905b22bbffe52efc3"},
    {file = "pyflakes-2.3.1.tar.gz", hash = "sha256:f5bc8ecabc05bb9d291eb5203d6810b49040f6ff446a756326104746cc00c1db"},
]
pygments = [
    {file = "Pygments-2.9.0-py3-none-any.whl", hash = "sha256:d66e804411278594d764fc69ec36ec13d9ae9147193a1740cd34d272ca383b8e"},
    {file = "Pygments-2.9.0.tar.gz", hash = "sha256:a18f47b506a429f6f4b9df81bb02beab9ca21d0a5fee38ed15aef65f0545519f"},
]
pyparsing = [
    {file = "pyparsing-2.4.7-py2.py3-none-any.whl", hash = "sha256:ef9d7589ef3c200abe66653d3f1ab1033c3c419ae9b9bdb1240a85b024efc88b"},
    {file = "pyparsing-2.4.7.tar.gz", hash = "sha256:c203ec8783bf771a155b207279b9bccb8dea02d8f0c9e5f8ead507bc3246ecc1"},
]
pytest = [
    {file = "pytest-6.2.4-py3-none-any.whl", hash = "sha256:91ef2131a9bd6be8f76f1f08eac5c5317221d6ad1e143ae03894b862e8976890"},
    {file = "pytest-6.2.4.tar.gz", hash = "sha256:50bcad0a0b9c5a72c8e4e7c9855a3ad496ca6a881a3641b4260605450772c54b"},
]
python-dotenv = [
    {file = "python-dotenv-0.18.0.tar.gz", hash = "sha256:effaac3c1e58d89b3ccb4d04a40dc7ad6e0275fda25fd75ae9d323e2465e202d"},
    {file = "python_dotenv-0.18.0-py2.py3-none-any.whl", hash = "sha256:dd8fe852847f4fbfadabf6183ddd4c824a9651f02d51714fa075c95561959c7d"},
]
requests = [
    {file = "requests-2.26.0-py2.py3-none-any.whl", hash = "sha256:6c1246513ecd5ecd4528a0906f910e8f0f9c6b8ec72030dc9fd154dc1a6efd24"},
    {file = "requests-2.26.0.tar.gz", hash = "sha256:b8aa58f8cf793ffd8782d3d8cb19e66ef36f7aba4353eec859e74678b01b07a7"},
]
rich = [
    {file = "rich-10.6.0-py3-none-any.whl", hash = "sha256:d3f72827cd5df13b2ef7f1a97f81ec65548d4fdeb92cef653234f227580bbb2a"},
    {file = "rich-10.6.0.tar.gz", hash = "sha256:128261b3e2419a4ef9c97066ccc2abbfb49fa7c5e89c3fe4056d00aa5e9c1e65"},
]
simplejson = [
    {file = "simplejson-3.17.3-cp27-cp27m-macosx_10_9_x86_64.whl", hash = "sha256:18302970ce341c3626433d4ffbdac19c7cca3d6e2d54b12778bcb8095f695473"},
    {file = "simplejson-3.17.3-cp27-cp27m-manylinux1_i686.whl", hash = "sha256:8f174567c53413383b8b7ec2fbe88d41e924577bc854051f265d4c210cd72999"},
    {file = "simplejson-3.17.3-cp27-cp27m-manylinux1_x86_64.whl", hash = "sha256:6ff6710b824947ef5a360a5a5ae9809c32cedc6110df3b64f01080c1bc1a1f08"},
    {file = "simplejson-3.17.3-cp27-cp27m-manylinux2010_i686.whl", hash = "sha256:02c04b89b0a456a97d5313357dd9f2259c163a82c5307e39e7d35bb38d7fd085"},
    {file = "simplejson-3.17.3-cp27-cp27m-manylinux2010_x86_64.whl", hash = "sha256:a52b80b9d1085db6e216980d1d28a8f090b8f2203a8c71b4ea13441bd7a2e86e"},
    {file = "simplejson-3.17.3-cp27-cp27mu-manylinux1_i686.whl", hash = "sha256:3c80b343503da8b13fa7d48d1a2395be67e97b67a849eb79d88ad3b12783e7da"},
    {file = "simplejson-3.17.3-cp27-cp27mu-manylinux1_x86_64.whl", hash = "sha256:e7433c604077a17dd71e8b29c96a15e486a70a97f4ed9c7f5e0df6e428af2f0b"},
    {file = "simplejson-3.17.3-cp27-cp27mu-manylinux2010_i686.whl", hash = "sha256:88a69c7e8059a4fd7aa2a31d2b3d89077eaae72eb741f18a32cb57d04018ff4c"},
    {file = "simplejson-3.17.3-cp27-cp27mu-manylinux2010_x86_64.whl", hash = "sha256:d61fb151be068127a0ce7758341cbe778495819622bc1e15eadf59fdb3a0481e"},
    {file = "simplejson-3.17.3-cp36-cp36m-macosx_10_9_x86_64.whl", hash = "sha256:c91d0f2fc2ee1bd376f5a991c24923f12416d8c31a9b74a82c4b38b942fc2640"},
    {file = "simplejson-3.17.3-cp36-cp36m-manylinux_2_17_aarch64.manylinux2014_aarch64.whl", hash = "sha256:e056056718246c9cdd82d1e3d4ad854a7ceb057498bf994b529750a190a6bd98"},
    {file = "simplejson-3.17.3-cp36-cp36m-manylinux_2_5_i686.manylinux1_i686.manylinux_2_12_i686.manylinux2010_i686.whl", hash = "sha256:02bc0b7b643fa255048862f580bb4b7121b88b456bc64dabf9bf11df116b05d7"},
    {file = "simplejson-3.17.3-cp36-cp36m-manylinux_2_5_x86_64.manylinux1_x86_64.manylinux_2_12_x86_64.manylinux2010_x86_64.whl", hash = "sha256:e3aa10cce4053f3c1487aaf847a0faa4ae208e11f85a8e6f98de2291713a6616"},
    {file = "simplejson-3.17.3-cp36-cp36m-win32.whl", hash = "sha256:b45b5f6c9962953250534217b18002261c5b9383349b95fb0140899cdac2bf95"},
    {file = "simplejson-3.17.3-cp36-cp36m-win_amd64.whl", hash = "sha256:dbcd6cd1a9abb5a13c5df93cdc5687f6877efcfefdc9350c22d4094dc4a7dd86"},
    {file = "simplejson-3.17.3-cp37-cp37m-macosx_10_9_x86_64.whl", hash = "sha256:05cd392c1c9b284bda91cf9d7b6f3f46631da459e8546fe823622e42cf4794bb"},
    {file = "simplejson-3.17.3-cp37-cp37m-manylinux_2_17_aarch64.manylinux2014_aarch64.whl", hash = "sha256:f32a703fe10cfc2d1020e296eeeeb650faa039678f6b79d9b820413a4c015ddc"},
    {file = "simplejson-3.17.3-cp37-cp37m-manylinux_2_5_i686.manylinux1_i686.manylinux_2_12_i686.manylinux2010_i686.whl", hash = "sha256:b4ed7b233e812ef1244a29fb0dfd3e149dbc34a2bd13b174a84c92d0cb580277"},
    {file = "simplejson-3.17.3-cp37-cp37m-manylinux_2_5_x86_64.manylinux1_x86_64.manylinux_2_12_x86_64.manylinux2010_x86_64.whl", hash = "sha256:b25748e71c5df3c67b5bda2cdece373762d319cb5f773f14ae2f90dfb4320314"},
    {file = "simplejson-3.17.3-cp37-cp37m-win32.whl", hash = "sha256:b60f48f780130f27f8d9751599925c3b78cf045f5d62dd918003effb65b45bda"},
    {file = "simplejson-3.17.3-cp37-cp37m-win_amd64.whl", hash = "sha256:32edf4e491fe174c54bf6682d794daf398736158d1082dbcae526e4a5af6890b"},
    {file = "simplejson-3.17.3-cp38-cp38-macosx_10_9_universal2.whl", hash = "sha256:2104475a0263ff2a3dffca214c9676eb261e90d06d604ac7063347bd289ac84c"},
    {file = "simplejson-3.17.3-cp38-cp38-macosx_10_9_x86_64.whl", hash = "sha256:fed5e862d9b501c5673c163c8593ebdb2c5422386089c529dfac28d70cd55858"},
    {file = "simplejson-3.17.3-cp38-cp38-macosx_11_0_arm64.whl", hash = "sha256:ff7fe042169dd6fce8213c173a4c337f2e807ed5178093143c778eb0484c12ec"},
    {file = "simplejson-3.17.3-cp38-cp38-manylinux_2_17_aarch64.manylinux2014_aarch64.whl", hash = "sha256:1331a54fda3c957b9136402943cf8ebcd29c0c92101ba70fa8c2fc9cdf1b8476"},
    {file = "simplejson-3.17.3-cp38-cp38-manylinux_2_5_i686.manylinux1_i686.manylinux_2_12_i686.manylinux2010_i686.whl", hash = "sha256:6510e886d9e9006213de2090c55f504b12f915178a2056b94840ed1d89abe68e"},
    {file = "simplejson-3.17.3-cp38-cp38-manylinux_2_5_x86_64.manylinux1_x86_64.manylinux_2_12_x86_64.manylinux2010_x86_64.whl", hash = "sha256:391a8206e698557a4155354cf6996c002aa447a21c5c50fb94a0d26fd6cca586"},
    {file = "simplejson-3.17.3-cp38-cp38-win32.whl", hash = "sha256:f02db159e0afa9cb350f15f4f7b86755eae95267b9012ee90bde329aa643f76c"},
    {file = "simplejson-3.17.3-cp38-cp38-win_amd64.whl", hash = "sha256:6285b91cfa37e024f372b9b77d14f279380eebc4f709db70c593c069602e1926"},
    {file = "simplejson-3.17.3-cp39-cp39-macosx_10_9_universal2.whl", hash = "sha256:3dddd31857d8230aee88c24f485ebca36d1d875404b2ef11ac15fa3c8a01dc34"},
    {file = "simplejson-3.17.3-cp39-cp39-macosx_10_9_x86_64.whl", hash = "sha256:1ebbaa48447b60a68043f58e612021e8893ebcf1662a1b18a2595ca262776d7e"},
    {file = "simplejson-3.17.3-cp39-cp39-macosx_11_0_arm64.whl", hash = "sha256:79545a6d93bb38f86a00fbc6129cb091a86bb858e7d53b1aaa10d927d3b6732e"},
    {file = "simplejson-3.17.3-cp39-cp39-manylinux_2_17_aarch64.manylinux2014_aarch64.whl", hash = "sha256:23169d78f74fd25f891e89c779a63fcb857e66ab210096f4069a5b1c9e2dc732"},
    {file = "simplejson-3.17.3-cp39-cp39-manylinux_2_5_i686.manylinux1_i686.manylinux_2_12_i686.manylinux2010_i686.whl", hash = "sha256:56f57c231cdd01b6a1c0532ea9088dff2afe7f4f4bda61c060bcb1a853e6b564"},
    {file = "simplejson-3.17.3-cp39-cp39-manylinux_2_5_x86_64.manylinux1_x86_64.manylinux_2_12_x86_64.manylinux2010_x86_64.whl", hash = "sha256:3904b528e3dc0facab73a4406ebf17f007f32f0a8d7f4c6aa9ed5cbad3ea0f34"},
    {file = "simplejson-3.17.3-cp39-cp39-win32.whl", hash = "sha256:c69a213ae72b75e8948f06a87d3675855bccb3037671222ffd235095e62f5a61"},
    {file = "simplejson-3.17.3-cp39-cp39-win_amd64.whl", hash = "sha256:5b080be7de4c647fa84252cf565298a13842658123bd1a322a8c32b6359c8f1e"},
    {file = "simplejson-3.17.3.tar.gz", hash = "sha256:da72a452bcf4349fc467a12b54ab0e63e654a571cacc44084826d52bde12b6ee"},
]
toml = [
    {file = "toml-0.10.2-py2.py3-none-any.whl", hash = "sha256:806143ae5bfb6a3c6e736a764057db0e6a0e05e338b5630894a5f779cabb4f9b"},
    {file = "toml-0.10.2.tar.gz", hash = "sha256:b3bda1d108d5dd99f4a20d24d9c348e91c4db7ab1b749200bded2f839ccbe68f"},
]
urllib3 = [
    {file = "urllib3-1.26.6-py2.py3-none-any.whl", hash = "sha256:39fb8672126159acb139a7718dd10806104dec1e2f0f6c88aab05d17df10c8d4"},
    {file = "urllib3-1.26.6.tar.gz", hash = "sha256:f57b4c16c62fa2760b7e3d97c35b255512fb6b59a259730f36ba32ce9f8e342f"},
]
wcwidth = [
    {file = "wcwidth-0.2.5-py2.py3-none-any.whl", hash = "sha256:beb4802a9cebb9144e99086eff703a642a13d6a0052920003a230f3294bbe784"},
    {file = "wcwidth-0.2.5.tar.gz", hash = "sha256:c4d647b99872929fdb7bdcaa4fbe7f01413ed3d98077df798530e5b04f116c83"},
]
wit = [
    {file = "wit-6.0.0.tar.gz", hash = "sha256:153b8ac147ee0cacae2a8776bf6d87d045c48e46ff0b4eb00acd6967d5183578"},
]
